# THIS IS AN AUTOGENERATED FILE. DO NOT EDIT THIS FILE DIRECTLY.
# yarn lockfile v1


"adler-32@~1.2.0":
  "integrity" "sha1-aj5r8KY5ALoVZSgIyxXGgT0aXyU="
  "resolved" "https://registry.nlark.com/adler-32/download/adler-32-1.2.0.tgz"
  "version" "1.2.0"
  dependencies:
    "exit-on-epipe" "~1.0.1"
    "printj" "~1.1.0"

"cfb@^1.1.4":
  "integrity" "sha1-ak0IcrUl7WA0nh71H7Swv3Psqag="
  "resolved" "https://registry.npm.taobao.org/cfb/download/cfb-1.2.0.tgz"
  "version" "1.2.0"
  dependencies:
    "adler-32" "~1.2.0"
    "crc-32" "~1.2.0"
    "printj" "~1.1.2"

"codepage@~1.15.0":
  "integrity" "sha1-LgBRkCSzlCTsZu6z7AcifmkmGKs="
  "resolved" "https://registry.nlark.com/codepage/download/codepage-1.15.0.tgz"
  "version" "1.15.0"

"commander@~2.17.1":
  "integrity" "sha1-vXerfebelCBc6sxy8XFtKfIKd78="
  "resolved" "https://registry.nlark.com/commander/download/commander-2.17.1.tgz?cache=0&sync_timestamp=1627358203890&other_urls=https%3A%2F%2Fregistry.nlark.com%2Fcommander%2Fdownload%2Fcommander-2.17.1.tgz"
  "version" "2.17.1"

"crc-32@~1.2.0":
  "integrity" "sha1-yy224puIUI4y2d0OwWk+e0Ghggg="
  "resolved" "https://registry.npm.taobao.org/crc-32/download/crc-32-1.2.0.tgz"
  "version" "1.2.0"
  dependencies:
    "exit-on-epipe" "~1.0.1"
    "printj" "~1.1.0"

"exit-on-epipe@~1.0.1":
  "integrity" "sha1-C92S6H1ShdJn2qgXHQ6wYVlolpI="
  "resolved" "https://registry.npm.taobao.org/exit-on-epipe/download/exit-on-epipe-1.0.1.tgz"
  "version" "1.0.1"

"fflate@^0.3.8":
  "integrity" "sha1-LEQNcYD964GeZImNiFivMnsEKl0="
  "resolved" "https://registry.nlark.com/fflate/download/fflate-0.3.11.tgz"
  "version" "0.3.11"

"frac@~1.1.2":
  "integrity" "sha1-PXT39keMiKG1AgMG10fcYxPHTQs="
  "resolved" "https://registry.npm.taobao.org/frac/download/frac-1.1.2.tgz"
  "version" "1.1.2"

"printj@~1.1.0", "printj@~1.1.2":
  "integrity" "sha1-2Q3rKXWoufYA+zoclOP0xTx4oiI="
  "resolved" "https://registry.nlark.com/printj/download/printj-1.1.2.tgz"
  "version" "1.1.2"

"ssf@~0.11.2":
  "integrity" "sha1-C5lpiyN1SNCI/EPN8rcMGnUSwGw="
  "resolved" "https://registry.npm.taobao.org/ssf/download/ssf-0.11.2.tgz"
  "version" "0.11.2"
  dependencies:
    "frac" "~1.1.2"

"wmf@~1.0.1":
  "integrity" "sha1-fRnWIQcaCMK9xrfmiKnENSmMwto="
  "resolved" "https://registry.npm.taobao.org/wmf/download/wmf-1.0.2.tgz"
  "version" "1.0.2"

"word@~0.3.0":
  "integrity" "sha1-hUIVfk+OhJ9KNjooiZLUdhLbmWE="
  "resolved" "https://registry.npm.taobao.org/word/download/word-0.3.0.tgz"
  "version" "0.3.0"

"xlsx@^0.17.0":
  "integrity" "sha1-JVdADVlJmDAYMe9gsI3d6A8oQu4="
  "resolved" "https://registry.nlark.com/xlsx/download/xlsx-0.17.1.tgz"
  "version" "0.17.1"
  dependencies:
    "adler-32" "~1.2.0"
    "cfb" "^1.1.4"
    "codepage" "~1.15.0"
    "commander" "~2.17.1"
    "crc-32" "~1.2.0"
    "exit-on-epipe" "~1.0.1"
    "fflate" "^0.3.8"
    "ssf" "~0.11.2"
    "wmf" "~1.0.1"
    "word" "~0.3.0"
